
Microsoft Visual Studio Solution File, Format Version 12.00
# Visual Studio Version 17
VisualStudioVersion = 17.6.33723.286
MinimumVisualStudioVersion = 15.0.26124.0
Project("{2150E333-8FDC-42A3-9474-1A3956D46DE8}") = "src", "src", "{87F6C079-CBD7-4866-BDEB-CBDEA9E51D2A}"
EndProject
Project("{2150E333-8FDC-42A3-9474-1A3956D46DE8}") = "Solution Items", "Solution Items", "{94A35CC5-B543-4933-BA2D-3E33E90ABE81}"
	ProjectSection(SolutionItems) = preProject
		ExampleSettings.json = ExampleSettings.json
		readme.md = readme.md
	EndProjectSection
EndProject
Project("{6EC3EE1D-3C4E-46DD-8F32-0CC8E7565705}") = "FsOpenAI.Server", "src\FsOpenAI.Server\FsOpenAI.Server.fsproj", "{4E2AA925-4694-4593-ADBC-F349D269587A}"
EndProject
Project("{6EC3EE1D-3C4E-46DD-8F32-0CC8E7565705}") = "FsOpenAI.Client", "src\FsOpenAI.Client\FsOpenAI.Client.fsproj", "{1481BBD6-A6DA-4912-A03A-134880D14701}"
EndProject
Project("{6EC3EE1D-3C4E-46DD-8F32-0CC8E7565705}") = "FsOpenAI.Tasks", "src\FsOpenAI.Tasks\FsOpenAI.Tasks.fsproj", "{6B60AC2F-8561-41D8-ACE5-2FF3A181F1BA}"
EndProject
Project("{6EC3EE1D-3C4E-46DD-8F32-0CC8E7565705}") = "FsOpenAI.Shared", "src\FsOpenAI.Shared\FsOpenAI.Shared.fsproj", "{F2DC4FE2-4679-4C73-8159-57A056777A6F}"
EndProject
Project("{6EC3EE1D-3C4E-46DD-8F32-0CC8E7565705}") = "FsOpenAI.GenAI", "src\FsOpenAI.GenAI\FsOpenAI.GenAI.fsproj", "{BA8B6DCA-613B-4086-B977-90EB1AC82870}"
EndProject
Project("{6EC3EE1D-3C4E-46DD-8F32-0CC8E7565705}") = "FsOpenAI.CodeEvaluator", "src\FsOpenAI.CodeEvaluator\FsOpenAI.CodeEvaluator.fsproj", "{C94E3B28-A86E-4DD4-92C0-0526CEBCD033}"
EndProject
Project("{6EC3EE1D-3C4E-46DD-8F32-0CC8E7565705}") = "FsOpenAI.TravelSurvey.Types", "src\FsOpenAI.TravelSurvey.Types\FsOpenAI.TravelSurvey.Types.fsproj", "{02608042-AAE2-49DA-97A9-17AD3128114D}"
EndProject
Project("{6EC3EE1D-3C4E-46DD-8F32-0CC8E7565705}") = "FsOpenAI.TravelSurvey.QnA", "src\FsOpenAI.TravelSurvey.QnA\FsOpenAI.TravelSurvey.QnA.fsproj", "{C642BF59-3DAF-4A2E-A0DF-014E80DDC4B6}"
EndProject
Global
	GlobalSection(SolutionConfigurationPlatforms) = preSolution
		Debug|Any CPU = Debug|Any CPU
		Debug|x64 = Debug|x64
		Debug|x86 = Debug|x86
		Release|Any CPU = Release|Any CPU
		Release|x64 = Release|x64
		Release|x86 = Release|x86
	EndGlobalSection
	GlobalSection(ProjectConfigurationPlatforms) = postSolution
		{4E2AA925-4694-4593-ADBC-F349D269587A}.Debug|Any CPU.ActiveCfg = Debug|Any CPU
		{4E2AA925-4694-4593-ADBC-F349D269587A}.Debug|Any CPU.Build.0 = Debug|Any CPU
		{4E2AA925-4694-4593-ADBC-F349D269587A}.Debug|x64.ActiveCfg = Debug|Any CPU
		{4E2AA925-4694-4593-ADBC-F349D269587A}.Debug|x64.Build.0 = Debug|Any CPU
		{4E2AA925-4694-4593-ADBC-F349D269587A}.Debug|x86.ActiveCfg = Debug|Any CPU
		{4E2AA925-4694-4593-ADBC-F349D269587A}.Debug|x86.Build.0 = Debug|Any CPU
		{4E2AA925-4694-4593-ADBC-F349D269587A}.Release|Any CPU.ActiveCfg = Release|Any CPU
		{4E2AA925-4694-4593-ADBC-F349D269587A}.Release|Any CPU.Build.0 = Release|Any CPU
		{4E2AA925-4694-4593-ADBC-F349D269587A}.Release|x64.ActiveCfg = Release|Any CPU
		{4E2AA925-4694-4593-ADBC-F349D269587A}.Release|x64.Build.0 = Release|Any CPU
		{4E2AA925-4694-4593-ADBC-F349D269587A}.Release|x86.ActiveCfg = Release|Any CPU
		{4E2AA925-4694-4593-ADBC-F349D269587A}.Release|x86.Build.0 = Release|Any CPU
		{1481BBD6-A6DA-4912-A03A-134880D14701}.Debug|Any CPU.ActiveCfg = Debug|Any CPU
		{1481BBD6-A6DA-4912-A03A-134880D14701}.Debug|Any CPU.Build.0 = Debug|Any CPU
		{1481BBD6-A6DA-4912-A03A-134880D14701}.Debug|x64.ActiveCfg = Debug|Any CPU
		{1481BBD6-A6DA-4912-A03A-134880D14701}.Debug|x64.Build.0 = Debug|Any CPU
		{1481BBD6-A6DA-4912-A03A-134880D14701}.Debug|x86.ActiveCfg = Debug|Any CPU
		{1481BBD6-A6DA-4912-A03A-134880D14701}.Debug|x86.Build.0 = Debug|Any CPU
		{1481BBD6-A6DA-4912-A03A-134880D14701}.Release|Any CPU.ActiveCfg = Release|Any CPU
		{1481BBD6-A6DA-4912-A03A-134880D14701}.Release|Any CPU.Build.0 = Release|Any CPU
		{1481BBD6-A6DA-4912-A03A-134880D14701}.Release|x64.ActiveCfg = Release|Any CPU
		{1481BBD6-A6DA-4912-A03A-134880D14701}.Release|x64.Build.0 = Release|Any CPU
		{1481BBD6-A6DA-4912-A03A-134880D14701}.Release|x86.ActiveCfg = Release|Any CPU
		{1481BBD6-A6DA-4912-A03A-134880D14701}.Release|x86.Build.0 = Release|Any CPU
		{6B60AC2F-8561-41D8-ACE5-2FF3A181F1BA}.Debug|Any CPU.ActiveCfg = Debug|Any CPU
		{6B60AC2F-8561-41D8-ACE5-2FF3A181F1BA}.Debug|Any CPU.Build.0 = Debug|Any CPU
		{6B60AC2F-8561-41D8-ACE5-2FF3A181F1BA}.Debug|x64.ActiveCfg = Debug|Any CPU
		{6B60AC2F-8561-41D8-ACE5-2FF3A181F1BA}.Debug|x64.Build.0 = Debug|Any CPU
		{6B60AC2F-8561-41D8-ACE5-2FF3A181F1BA}.Debug|x86.ActiveCfg = Debug|Any CPU
		{6B60AC2F-8561-41D8-ACE5-2FF3A181F1BA}.Debug|x86.Build.0 = Debug|Any CPU
		{6B60AC2F-8561-41D8-ACE5-2FF3A181F1BA}.Release|Any CPU.ActiveCfg = Release|Any CPU
		{6B60AC2F-8561-41D8-ACE5-2FF3A181F1BA}.Release|Any CPU.Build.0 = Release|Any CPU
		{6B60AC2F-8561-41D8-ACE5-2FF3A181F1BA}.Release|x64.ActiveCfg = Release|Any CPU
		{6B60AC2F-8561-41D8-ACE5-2FF3A181F1BA}.Release|x64.Build.0 = Release|Any CPU
		{6B60AC2F-8561-41D8-ACE5-2FF3A181F1BA}.Release|x86.ActiveCfg = Release|Any CPU
		{6B60AC2F-8561-41D8-ACE5-2FF3A181F1BA}.Release|x86.Build.0 = Release|Any CPU
		{F2DC4FE2-4679-4C73-8159-57A056777A6F}.Debug|Any CPU.ActiveCfg = Debug|Any CPU
		{F2DC4FE2-4679-4C73-8159-57A056777A6F}.Debug|Any CPU.Build.0 = Debug|Any CPU
		{F2DC4FE2-4679-4C73-8159-57A056777A6F}.Debug|x64.ActiveCfg = Debug|Any CPU
		{F2DC4FE2-4679-4C73-8159-57A056777A6F}.Debug|x64.Build.0 = Debug|Any CPU
		{F2DC4FE2-4679-4C73-8159-57A056777A6F}.Debug|x86.ActiveCfg = Debug|Any CPU
		{F2DC4FE2-4679-4C73-8159-57A056777A6F}.Debug|x86.Build.0 = Debug|Any CPU
		{F2DC4FE2-4679-4C73-8159-57A056777A6F}.Release|Any CPU.ActiveCfg = Release|Any CPU
		{F2DC4FE2-4679-4C73-8159-57A056777A6F}.Release|Any CPU.Build.0 = Release|Any CPU
		{F2DC4FE2-4679-4C73-8159-57A056777A6F}.Release|x64.ActiveCfg = Release|Any CPU
		{F2DC4FE2-4679-4C73-8159-57A056777A6F}.Release|x64.Build.0 = Release|Any CPU
		{F2DC4FE2-4679-4C73-8159-57A056777A6F}.Release|x86.ActiveCfg = Release|Any CPU
		{F2DC4FE2-4679-4C73-8159-57A056777A6F}.Release|x86.Build.0 = Release|Any CPU
		{BA8B6DCA-613B-4086-B977-90EB1AC82870}.Debug|Any CPU.ActiveCfg = Debug|Any CPU
		{BA8B6DCA-613B-4086-B977-90EB1AC82870}.Debug|Any CPU.Build.0 = Debug|Any CPU
		{BA8B6DCA-613B-4086-B977-90EB1AC82870}.Debug|x64.ActiveCfg = Debug|Any CPU
		{BA8B6DCA-613B-4086-B977-90EB1AC82870}.Debug|x64.Build.0 = Debug|Any CPU
		{BA8B6DCA-613B-4086-B977-90EB1AC82870}.Debug|x86.ActiveCfg = Debug|Any CPU
		{BA8B6DCA-613B-4086-B977-90EB1AC82870}.Debug|x86.Build.0 = Debug|Any CPU
		{BA8B6DCA-613B-4086-B977-90EB1AC82870}.Release|Any CPU.ActiveCfg = Release|Any CPU
		{BA8B6DCA-613B-4086-B977-90EB1AC82870}.Release|Any CPU.Build.0 = Release|Any CPU
		{BA8B6DCA-613B-4086-B977-90EB1AC82870}.Release|x64.ActiveCfg = Release|Any CPU
		{BA8B6DCA-613B-4086-B977-90EB1AC82870}.Release|x64.Build.0 = Release|Any CPU
		{BA8B6DCA-613B-4086-B977-90EB1AC82870}.Release|x86.ActiveCfg = Release|Any CPU
		{BA8B6DCA-613B-4086-B977-90EB1AC82870}.Release|x86.Build.0 = Release|Any CPU
		{C94E3B28-A86E-4DD4-92C0-0526CEBCD033}.Debug|Any CPU.ActiveCfg = Debug|Any CPU
		{C94E3B28-A86E-4DD4-92C0-0526CEBCD033}.Debug|Any CPU.Build.0 = Debug|Any CPU
		{C94E3B28-A86E-4DD4-92C0-0526CEBCD033}.Debug|x64.ActiveCfg = Debug|Any CPU
		{C94E3B28-A86E-4DD4-92C0-0526CEBCD033}.Debug|x64.Build.0 = Debug|Any CPU
		{C94E3B28-A86E-4DD4-92C0-0526CEBCD033}.Debug|x86.ActiveCfg = Debug|Any CPU
		{C94E3B28-A86E-4DD4-92C0-0526CEBCD033}.Debug|x86.Build.0 = Debug|Any CPU
		{C94E3B28-A86E-4DD4-92C0-0526CEBCD033}.Release|Any CPU.ActiveCfg = Release|Any CPU
		{C94E3B28-A86E-4DD4-92C0-0526CEBCD033}.Release|Any CPU.Build.0 = Release|Any CPU
		{C94E3B28-A86E-4DD4-92C0-0526CEBCD033}.Release|x64.ActiveCfg = Release|Any CPU
		{C94E3B28-A86E-4DD4-92C0-0526CEBCD033}.Release|x64.Build.0 = Release|Any CPU
		{C94E3B28-A86E-4DD4-92C0-0526CEBCD033}.Release|x86.ActiveCfg = Release|Any CPU
		{C94E3B28-A86E-4DD4-92C0-0526CEBCD033}.Release|x86.Build.0 = Release|Any CPU
		{02608042-AAE2-49DA-97A9-17AD3128114D}.Debug|Any CPU.ActiveCfg = Debug|Any CPU
		{02608042-AAE2-49DA-97A9-17AD3128114D}.Debug|Any CPU.Build.0 = Debug|Any CPU
		{02608042-AAE2-49DA-97A9-17AD3128114D}.Debug|x64.ActiveCfg = Debug|Any CPU
		{02608042-AAE2-49DA-97A9-17AD3128114D}.Debug|x64.Build.0 = Debug|Any CPU
		{02608042-AAE2-49DA-97A9-17AD3128114D}.Debug|x86.ActiveCfg = Debug|Any CPU
		{02608042-AAE2-49DA-97A9-17AD3128114D}.Debug|x86.Build.0 = Debug|Any CPU
		{02608042-AAE2-49DA-97A9-17AD3128114D}.Release|Any CPU.ActiveCfg = Release|Any CPU
		{02608042-AAE2-49DA-97A9-17AD3128114D}.Release|Any CPU.Build.0 = Release|Any CPU
		{02608042-AAE2-49DA-97A9-17AD3128114D}.Release|x64.ActiveCfg = Release|Any CPU
		{02608042-AAE2-49DA-97A9-17AD3128114D}.Release|x64.Build.0 = Release|Any CPU
		{02608042-AAE2-49DA-97A9-17AD3128114D}.Release|x86.ActiveCfg = Release|Any CPU
		{02608042-AAE2-49DA-97A9-17AD3128114D}.Release|x86.Build.0 = Release|Any CPU
		{C642BF59-3DAF-4A2E-A0DF-014E80DDC4B6}.Debug|Any CPU.ActiveCfg = Debug|Any CPU
		{C642BF59-3DAF-4A2E-A0DF-014E80DDC4B6}.Debug|Any CPU.Build.0 = Debug|Any CPU
		{C642BF59-3DAF-4A2E-A0DF-014E80DDC4B6}.Debug|x64.ActiveCfg = Debug|Any CPU
		{C642BF59-3DAF-4A2E-A0DF-014E80DDC4B6}.Debug|x64.Build.0 = Debug|Any CPU
		{C642BF59-3DAF-4A2E-A0DF-014E80DDC4B6}.Debug|x86.ActiveCfg = Debug|Any CPU
		{C642BF59-3DAF-4A2E-A0DF-014E80DDC4B6}.Debug|x86.Build.0 = Debug|Any CPU
		{C642BF59-3DAF-4A2E-A0DF-014E80DDC4B6}.Release|Any CPU.ActiveCfg = Release|Any CPU
		{C642BF59-3DAF-4A2E-A0DF-014E80DDC4B6}.Release|Any CPU.Build.0 = Release|Any CPU
		{C642BF59-3DAF-4A2E-A0DF-014E80DDC4B6}.Release|x64.ActiveCfg = Release|Any CPU
		{C642BF59-3DAF-4A2E-A0DF-014E80DDC4B6}.Release|x64.Build.0 = Release|Any CPU
		{C642BF59-3DAF-4A2E-A0DF-014E80DDC4B6}.Release|x86.ActiveCfg = Release|Any CPU
		{C642BF59-3DAF-4A2E-A0DF-014E80DDC4B6}.Release|x86.Build.0 = Release|Any CPU
	EndGlobalSection
	GlobalSection(SolutionProperties) = preSolution
		HideSolutionNode = FALSE
	EndGlobalSection
	GlobalSection(NestedProjects) = preSolution
		{94A35CC5-B543-4933-BA2D-3E33E90ABE81} = {87F6C079-CBD7-4866-BDEB-CBDEA9E51D2A}
		{4E2AA925-4694-4593-ADBC-F349D269587A} = {87F6C079-CBD7-4866-BDEB-CBDEA9E51D2A}
		{1481BBD6-A6DA-4912-A03A-134880D14701} = {87F6C079-CBD7-4866-BDEB-CBDEA9E51D2A}
		{6B60AC2F-8561-41D8-ACE5-2FF3A181F1BA} = {87F6C079-CBD7-4866-BDEB-CBDEA9E51D2A}
		{F2DC4FE2-4679-4C73-8159-57A056777A6F} = {87F6C079-CBD7-4866-BDEB-CBDEA9E51D2A}
		{BA8B6DCA-613B-4086-B977-90EB1AC82870} = {87F6C079-CBD7-4866-BDEB-CBDEA9E51D2A}
		{C94E3B28-A86E-4DD4-92C0-0526CEBCD033} = {87F6C079-CBD7-4866-BDEB-CBDEA9E51D2A}
		{02608042-AAE2-49DA-97A9-17AD3128114D} = {87F6C079-CBD7-4866-BDEB-CBDEA9E51D2A}
		{C642BF59-3DAF-4A2E-A0DF-014E80DDC4B6} = {87F6C079-CBD7-4866-BDEB-CBDEA9E51D2A}
	EndGlobalSection
	GlobalSection(ExtensibilityGlobals) = postSolution
		SolutionGuid = {8CFD6033-FB8D-48BE-9628-9D83DC023CAB}
	EndGlobalSection
EndGlobal
